
Microsoft Visual Studio Solution File, Format Version 12.00
# Visual Studio Version 17
VisualStudioVersion = 17.6.33723.286
MinimumVisualStudioVersion = 10.0.40219.1
Project("{FAE04EC0-301F-11D3-BF4B-00C04F79EFBC}") = "ToDoList", "ToDoList\ToDoList.csproj", "{53AE8E32-AA9A-49FA-99F1-34D13921F4D5}"
EndProject
Project("{2150E333-8FDC-42A3-9474-1A3956D46DE8}") = "Domain", "Domain", "{939FE2C8-C118-435E-8B59-6ED5F55B3349}"
EndProject
Project("{FAE04EC0-301F-11D3-BF4B-00C04F79EFBC}") = "ToDoList.Domain", "ToDoList.Domain\ToDoList.Domain.csproj", "{D5E1B4E3-F6AF-4E35-8BF5-4B2B2C591DF3}"
EndProject
Project("{2150E333-8FDC-42A3-9474-1A3956D46DE8}") = "DAL", "DAL", "{0A3CCD19-5CBD-4739-BF00-92F149EC56E4}"
EndProject
Project("{FAE04EC0-301F-11D3-BF4B-00C04F79EFBC}") = "ToDoList.DAL", "ToDoList.DAL\ToDoList.DAL.csproj", "{2A23ACE7-F021-4846-8529-13195A93F53B}"
EndProject
Global
	GlobalSection(SolutionConfigurationPlatforms) = preSolution
		Debug|Any CPU = Debug|Any CPU
		Release|Any CPU = Release|Any CPU
	EndGlobalSection
	GlobalSection(ProjectConfigurationPlatforms) = postSolution
		{53AE8E32-AA9A-49FA-99F1-34D13921F4D5}.Debug|Any CPU.ActiveCfg = Debug|Any CPU
		{53AE8E32-AA9A-49FA-99F1-34D13921F4D5}.Debug|Any CPU.Build.0 = Debug|Any CPU
		{53AE8E32-AA9A-49FA-99F1-34D13921F4D5}.Release|Any CPU.ActiveCfg = Release|Any CPU
		{53AE8E32-AA9A-49FA-99F1-34D13921F4D5}.Release|Any CPU.Build.0 = Release|Any CPU
		{D5E1B4E3-F6AF-4E35-8BF5-4B2B2C591DF3}.Debug|Any CPU.ActiveCfg = Debug|Any CPU
		{D5E1B4E3-F6AF-4E35-8BF5-4B2B2C591DF3}.Debug|Any CPU.Build.0 = Debug|Any CPU
		{D5E1B4E3-F6AF-4E35-8BF5-4B2B2C591DF3}.Release|Any CPU.ActiveCfg = Release|Any CPU
		{D5E1B4E3-F6AF-4E35-8BF5-4B2B2C591DF3}.Release|Any CPU.Build.0 = Release|Any CPU
		{2A23ACE7-F021-4846-8529-13195A93F53B}.Debug|Any CPU.ActiveCfg = Debug|Any CPU
		{2A23ACE7-F021-4846-8529-13195A93F53B}.Debug|Any CPU.Build.0 = Debug|Any CPU
		{2A23ACE7-F021-4846-8529-13195A93F53B}.Release|Any CPU.ActiveCfg = Release|Any CPU
		{2A23ACE7-F021-4846-8529-13195A93F53B}.Release|Any CPU.Build.0 = Release|Any CPU
	EndGlobalSection
	GlobalSection(SolutionProperties) = preSolution
		HideSolutionNode = FALSE
	EndGlobalSection
	GlobalSection(NestedProjects) = preSolution
		{D5E1B4E3-F6AF-4E35-8BF5-4B2B2C591DF3} = {939FE2C8-C118-435E-8B59-6ED5F55B3349}
		{2A23ACE7-F021-4846-8529-13195A93F53B} = {0A3CCD19-5CBD-4739-BF00-92F149EC56E4}
	EndGlobalSection
	GlobalSection(ExtensibilityGlobals) = postSolution
		SolutionGuid = {97B8AA39-1A13-42C8-AB03-2E2D8181C9CB}
	EndGlobalSection
EndGlobal
